
Microsoft Visual Studio Solution File, Format Version 12.00
# Visual Studio 2013
VisualStudioVersion = 12.0.40629.0
MinimumVisualStudioVersion = 10.0.40219.1
Project("{8BC9CEB8-8B4A-11D0-8D11-00A0C91BC942}") = "Project3", "Project3\Project3.vcxproj", "{EF3926CA-CACF-4BF5-9F0A-49BFDE770F4F}"
EndProject
Project("{8BC9CEB8-8B4A-11D0-8D11-00A0C91BC942}") = "Q1", "Q1\Q1.vcxproj", "{44621252-295A-4507-9AB3-652E3B8E90D1}"
EndProject
Project("{8BC9CEB8-8B4A-11D0-8D11-00A0C91BC942}") = "Q103", "Q103\Q103.vcxproj", "{F8C35604-957E-49F7-85C1-2490442E79D1}"
EndProject
Project("{8BC9CEB8-8B4A-11D0-8D11-00A0C91BC942}") = "Q122", "Q122\Q122.vcxproj", "{987DC8BE-17FF-45C9-BE89-5B33CE97F395}"
EndProject
Project("{8BC9CEB8-8B4A-11D0-8D11-00A0C91BC942}") = "Q121", "Q121\Q121.vcxproj", "{26A7DBBE-9253-4CDC-ACE4-36301FB2D9E4}"
EndProject
Project("{8BC9CEB8-8B4A-11D0-8D11-00A0C91BC942}") = "Q115", "Q115\Q115.vcxproj", "{AE198686-3B8B-46A2-A86A-EC3030F93E7E}"
EndProject
Project("{8BC9CEB8-8B4A-11D0-8D11-00A0C91BC942}") = "Q120", "Q120\Q120.vcxproj", "{8CF81BC8-F402-49CA-BE62-EFA940A94D2F}"
EndProject
Project("{8BC9CEB8-8B4A-11D0-8D11-00A0C91BC942}") = "Q110", "Q110\Q110.vcxproj", "{477EAA78-6E63-4916-8793-E2B3D05179F2}"
EndProject
Project("{8BC9CEB8-8B4A-11D0-8D11-00A0C91BC942}") = "Q108", "Q108\Q108.vcxproj", "{01E5F3CD-155E-4E17-9B6A-AF03BDA6368D}"
EndProject
Project("{8BC9CEB8-8B4A-11D0-8D11-00A0C91BC942}") = "Q112", "Q112\Q112.vcxproj", "{4BF543A0-9E19-45D2-977D-8F92FD102EEA}"
EndProject
Project("{8BC9CEB8-8B4A-11D0-8D11-00A0C91BC942}") = "Q117", "Q117\Q117.vcxproj", "{92EED358-ED1F-4550-9896-461ABF0AF4F1}"
EndProject
Project("{8BC9CEB8-8B4A-11D0-8D11-00A0C91BC942}") = "Q132", "Q132\Q132.vcxproj", "{2545CB29-FB34-4A62-B79C-74FCC8660984}"
EndProject
Project("{8BC9CEB8-8B4A-11D0-8D11-00A0C91BC942}") = "Q118", "Q118\Q118.vcxproj", "{6A3023BB-E796-447F-9C9C-E446C2DEBB48}"
EndProject
Project("{8BC9CEB8-8B4A-11D0-8D11-00A0C91BC942}") = "Q139", "Q139\Q139.vcxproj", "{13CE4CD9-E369-49DD-98AE-6F60CEB0B6E1}"
EndProject
Global
	GlobalSection(SolutionConfigurationPlatforms) = preSolution
		Debug|Win32 = Debug|Win32
		Release|Win32 = Release|Win32
	EndGlobalSection
	GlobalSection(ProjectConfigurationPlatforms) = postSolution
		{EF3926CA-CACF-4BF5-9F0A-49BFDE770F4F}.Debug|Win32.ActiveCfg = Debug|Win32
		{EF3926CA-CACF-4BF5-9F0A-49BFDE770F4F}.Debug|Win32.Build.0 = Debug|Win32
		{EF3926CA-CACF-4BF5-9F0A-49BFDE770F4F}.Release|Win32.ActiveCfg = Release|Win32
		{EF3926CA-CACF-4BF5-9F0A-49BFDE770F4F}.Release|Win32.Build.0 = Release|Win32
		{44621252-295A-4507-9AB3-652E3B8E90D1}.Debug|Win32.ActiveCfg = Debug|Win32
		{44621252-295A-4507-9AB3-652E3B8E90D1}.Debug|Win32.Build.0 = Debug|Win32
		{44621252-295A-4507-9AB3-652E3B8E90D1}.Release|Win32.ActiveCfg = Release|Win32
		{44621252-295A-4507-9AB3-652E3B8E90D1}.Release|Win32.Build.0 = Release|Win32
		{F8C35604-957E-49F7-85C1-2490442E79D1}.Debug|Win32.ActiveCfg = Debug|Win32
		{F8C35604-957E-49F7-85C1-2490442E79D1}.Debug|Win32.Build.0 = Debug|Win32
		{F8C35604-957E-49F7-85C1-2490442E79D1}.Release|Win32.ActiveCfg = Release|Win32
		{F8C35604-957E-49F7-85C1-2490442E79D1}.Release|Win32.Build.0 = Release|Win32
		{987DC8BE-17FF-45C9-BE89-5B33CE97F395}.Debug|Win32.ActiveCfg = Debug|Win32
		{987DC8BE-17FF-45C9-BE89-5B33CE97F395}.Debug|Win32.Build.0 = Debug|Win32
		{987DC8BE-17FF-45C9-BE89-5B33CE97F395}.Release|Win32.ActiveCfg = Release|Win32
		{987DC8BE-17FF-45C9-BE89-5B33CE97F395}.Release|Win32.Build.0 = Release|Win32
		{26A7DBBE-9253-4CDC-ACE4-36301FB2D9E4}.Debug|Win32.ActiveCfg = Debug|Win32
		{26A7DBBE-9253-4CDC-ACE4-36301FB2D9E4}.Debug|Win32.Build.0 = Debug|Win32
		{26A7DBBE-9253-4CDC-ACE4-36301FB2D9E4}.Release|Win32.ActiveCfg = Release|Win32
		{26A7DBBE-9253-4CDC-ACE4-36301FB2D9E4}.Release|Win32.Build.0 = Release|Win32
		{AE198686-3B8B-46A2-A86A-EC3030F93E7E}.Debug|Win32.ActiveCfg = Debug|Win32
		{AE198686-3B8B-46A2-A86A-EC3030F93E7E}.Debug|Win32.Build.0 = Debug|Win32
		{AE198686-3B8B-46A2-A86A-EC3030F93E7E}.Release|Win32.ActiveCfg = Release|Win32
		{AE198686-3B8B-46A2-A86A-EC3030F93E7E}.Release|Win32.Build.0 = Release|Win32
		{8CF81BC8-F402-49CA-BE62-EFA940A94D2F}.Debug|Win32.ActiveCfg = Debug|Win32
		{8CF81BC8-F402-49CA-BE62-EFA940A94D2F}.Debug|Win32.Build.0 = Debug|Win32
		{8CF81BC8-F402-49CA-BE62-EFA940A94D2F}.Release|Win32.ActiveCfg = Release|Win32
		{8CF81BC8-F402-49CA-BE62-EFA940A94D2F}.Release|Win32.Build.0 = Release|Win32
		{477EAA78-6E63-4916-8793-E2B3D05179F2}.Debug|Win32.ActiveCfg = Debug|Win32
		{477EAA78-6E63-4916-8793-E2B3D05179F2}.Debug|Win32.Build.0 = Debug|Win32
		{477EAA78-6E63-4916-8793-E2B3D05179F2}.Release|Win32.ActiveCfg = Release|Win32
		{477EAA78-6E63-4916-8793-E2B3D05179F2}.Release|Win32.Build.0 = Release|Win32
		{01E5F3CD-155E-4E17-9B6A-AF03BDA6368D}.Debug|Win32.ActiveCfg = Debug|Win32
		{01E5F3CD-155E-4E17-9B6A-AF03BDA6368D}.Debug|Win32.Build.0 = Debug|Win32
		{01E5F3CD-155E-4E17-9B6A-AF03BDA6368D}.Release|Win32.ActiveCfg = Release|Win32
		{01E5F3CD-155E-4E17-9B6A-AF03BDA6368D}.Release|Win32.Build.0 = Release|Win32
		{4BF543A0-9E19-45D2-977D-8F92FD102EEA}.Debug|Win32.ActiveCfg = Debug|Win32
		{4BF543A0-9E19-45D2-977D-8F92FD102EEA}.Debug|Win32.Build.0 = Debug|Win32
		{4BF543A0-9E19-45D2-977D-8F92FD102EEA}.Release|Win32.ActiveCfg = Release|Win32
		{4BF543A0-9E19-45D2-977D-8F92FD102EEA}.Release|Win32.Build.0 = Release|Win32
		{92EED358-ED1F-4550-9896-461ABF0AF4F1}.Debug|Win32.ActiveCfg = Debug|Win32
		{92EED358-ED1F-4550-9896-461ABF0AF4F1}.Debug|Win32.Build.0 = Debug|Win32
		{92EED358-ED1F-4550-9896-461ABF0AF4F1}.Release|Win32.ActiveCfg = Release|Win32
		{92EED358-ED1F-4550-9896-461ABF0AF4F1}.Release|Win32.Build.0 = Release|Win32
		{2545CB29-FB34-4A62-B79C-74FCC8660984}.Debug|Win32.ActiveCfg = Debug|Win32
		{2545CB29-FB34-4A62-B79C-74FCC8660984}.Debug|Win32.Build.0 = Debug|Win32
		{2545CB29-FB34-4A62-B79C-74FCC8660984}.Release|Win32.ActiveCfg = Release|Win32
		{2545CB29-FB34-4A62-B79C-74FCC8660984}.Release|Win32.Build.0 = Release|Win32
		{6A3023BB-E796-447F-9C9C-E446C2DEBB48}.Debug|Win32.ActiveCfg = Debug|Win32
		{6A3023BB-E796-447F-9C9C-E446C2DEBB48}.Debug|Win32.Build.0 = Debug|Win32
		{6A3023BB-E796-447F-9C9C-E446C2DEBB48}.Release|Win32.ActiveCfg = Release|Win32
		{6A3023BB-E796-447F-9C9C-E446C2DEBB48}.Release|Win32.Build.0 = Release|Win32
		{13CE4CD9-E369-49DD-98AE-6F60CEB0B6E1}.Debug|Win32.ActiveCfg = Debug|Win32
		{13CE4CD9-E369-49DD-98AE-6F60CEB0B6E1}.Debug|Win32.Build.0 = Debug|Win32
		{13CE4CD9-E369-49DD-98AE-6F60CEB0B6E1}.Release|Win32.ActiveCfg = Release|Win32
		{13CE4CD9-E369-49DD-98AE-6F60CEB0B6E1}.Release|Win32.Build.0 = Release|Win32
	EndGlobalSection
	GlobalSection(SolutionProperties) = preSolution
		HideSolutionNode = FALSE
	EndGlobalSection
EndGlobal
